// !$*UTF8*$!
{
	archiveVersion = 1;
	classes = {
	};
	objectVersion = 56;
	objects = {

/* Begin PBXBuildFile section */
		42B6F3272B1E2FBC00C0CF2E /* AppDelegate.swift in Sources */ = {isa = PBXBuildFile; fileRef = 42B6F3262B1E2FBC00C0CF2E /* AppDelegate.swift */; };
		42B6F3292B1E2FBC00C0CF2E /* SceneDelegate.swift in Sources */ = {isa = PBXBuildFile; fileRef = 42B6F3282B1E2FBC00C0CF2E /* SceneDelegate.swift */; };
		42B6F32B2B1E2FBC00C0CF2E /* ViewController.swift in Sources */ = {isa = PBXBuildFile; fileRef = 42B6F32A2B1E2FBC00C0CF2E /* ViewController.swift */; };
		42B6F32E2B1E2FBC00C0CF2E /* Main.storyboard in Resources */ = {isa = PBXBuildFile; fileRef = 42B6F32C2B1E2FBC00C0CF2E /* Main.storyboard */; };
		42B6F3312B1E2FBC00C0CF2E /* epicrockpaperscissorsHuseby.xcdatamodeld in Sources */ = {isa = PBXBuildFile; fileRef = 42B6F32F2B1E2FBC00C0CF2E /* epicrockpaperscissorsHuseby.xcdatamodeld */; };
		42B6F3332B1E2FBD00C0CF2E /* Assets.xcassets in Resources */ = {isa = PBXBuildFile; fileRef = 42B6F3322B1E2FBD00C0CF2E /* Assets.xcassets */; };
		42B6F3362B1E2FBD00C0CF2E /* LaunchScreen.storyboard in Resources */ = {isa = PBXBuildFile; fileRef = 42B6F3342B1E2FBD00C0CF2E /* LaunchScreen.storyboard */; };
		42B6F3412B1E2FBE00C0CF2E /* epicrockpaperscissorsHusebyTests.swift in Sources */ = {isa = PBXBuildFile; fileRef = 42B6F3402B1E2FBE00C0CF2E /* epicrockpaperscissorsHusebyTests.swift */; };
		42B6F34B2B1E2FBE00C0CF2E /* epicrockpaperscissorsHusebyUITests.swift in Sources */ = {isa = PBXBuildFile; fileRef = 42B6F34A2B1E2FBE00C0CF2E /* epicrockpaperscissorsHusebyUITests.swift */; };
		42B6F34D2B1E2FBE00C0CF2E /* epicrockpaperscissorsHusebyUITestsLaunchTests.swift in Sources */ = {isa = PBXBuildFile; fileRef = 42B6F34C2B1E2FBE00C0CF2E /* epicrockpaperscissorsHusebyUITestsLaunchTests.swift */; };
/* End PBXBuildFile section */

/* Begin PBXContainerItemProxy section */
		42B6F33D2B1E2FBE00C0CF2E /* PBXContainerItemProxy */ = {
			isa = PBXContainerItemProxy;
			containerPortal = 42B6F31B2B1E2FBC00C0CF2E /* Project object */;
			proxyType = 1;
			remoteGlobalIDString = 42B6F3222B1E2FBC00C0CF2E;
			remoteInfo = epicrockpaperscissorsHuseby;
		};
		42B6F3472B1E2FBE00C0CF2E /* PBXContainerItemProxy */ = {
			isa = PBXContainerItemProxy;
			containerPortal = 42B6F31B2B1E2FBC00C0CF2E /* Project object */;
			proxyType = 1;
			remoteGlobalIDString = 42B6F3222B1E2FBC00C0CF2E;
			remoteInfo = epicrockpaperscissorsHuseby;
		};
/* End PBXContainerItemProxy section */

/* Begin PBXFileReference section */
		42B6F3232B1E2FBC00C0CF2E /* epicrockpaperscissorsHuseby.app */ = {isa = PBXFileReference; explicitFileType = wrapper.application; includeInIndex = 0; path = epicrockpaperscissorsHuseby.app; sourceTree = BUILT_PRODUCTS_DIR; };
		42B6F3262B1E2FBC00C0CF2E /* AppDelegate.swift */ = {isa = PBXFileReference; lastKnownFileType = sourcecode.swift; path = AppDelegate.swift; sourceTree = "<group>"; };
		42B6F3282B1E2FBC00C0CF2E /* SceneDelegate.swift */ = {isa = PBXFileReference; lastKnownFileType = sourcecode.swift; path = SceneDelegate.swift; sourceTree = "<group>"; };
		42B6F32A2B1E2FBC00C0CF2E /* ViewController.swift */ = {isa = PBXFileReference; lastKnownFileType = sourcecode.swift; path = ViewController.swift; sourceTree = "<group>"; };
		42B6F32D2B1E2FBC00C0CF2E /* Base */ = {isa = PBXFileReference; lastKnownFileType = file.storyboard; name = Base; path = Base.lproj/Main.storyboard; sourceTree = "<group>"; };
		42B6F3302B1E2FBC00C0CF2E /* epicrockpaperscissorsHuseby.xcdatamodel */ = {isa = PBXFileReference; lastKnownFileType = wrapper.xcdatamodel; path = epicrockpaperscissorsHuseby.xcdatamodel; sourceTree = "<group>"; };
		42B6F3322B1E2FBD00C0CF2E /* Assets.xcassets */ = {isa = PBXFileReference; lastKnownFileType = folder.assetcatalog; path = Assets.xcassets; sourceTree = "<group>"; };
		42B6F3352B1E2FBD00C0CF2E /* Base */ = {isa = PBXFileReference; lastKnownFileType = file.storyboard; name = Base; path = Base.lproj/LaunchScreen.storyboard; sourceTree = "<group>"; };
		42B6F3372B1E2FBD00C0CF2E /* Info.plist */ = {isa = PBXFileReference; lastKnownFileType = text.plist.xml; path = Info.plist; sourceTree = "<group>"; };
		42B6F33C2B1E2FBE00C0CF2E /* epicrockpaperscissorsHusebyTests.xctest */ = {isa = PBXFileReference; explicitFileType = wrapper.cfbundle; includeInIndex = 0; path = epicrockpaperscissorsHusebyTests.xctest; sourceTree = BUILT_PRODUCTS_DIR; };
		42B6F3402B1E2FBE00C0CF2E /* epicrockpaperscissorsHusebyTests.swift */ = {isa = PBXFileReference; lastKnownFileType = sourcecode.swift; path = epicrockpaperscissorsHusebyTests.swift; sourceTree = "<group>"; };
		42B6F3462B1E2FBE00C0CF2E /* epicrockpaperscissorsHusebyUITests.xctest */ = {isa = PBXFileReference; explicitFileType = wrapper.cfbundle; includeInIndex = 0; path = epicrockpaperscissorsHusebyUITests.xctest; sourceTree = BUILT_PRODUCTS_DIR; };
		42B6F34A2B1E2FBE00C0CF2E /* epicrockpaperscissorsHusebyUITests.swift */ = {isa = PBXFileReference; lastKnownFileType = sourcecode.swift; path = epicrockpaperscissorsHusebyUITests.swift; sourceTree = "<group>"; };
		42B6F34C2B1E2FBE00C0CF2E /* epicrockpaperscissorsHusebyUITestsLaunchTests.swift */ = {isa = PBXFileReference; lastKnownFileType = sourcecode.swift; path = epicrockpaperscissorsHusebyUITestsLaunchTests.swift; sourceTree = "<group>"; };
/* End PBXFileReference section */

/* Begin PBXFrameworksBuildPhase section */
		42B6F3202B1E2FBC00C0CF2E /* Frameworks */ = {
			isa = PBXFrameworksBuildPhase;
			buildActionMask = 2147483647;
			files = (
			);
			runOnlyForDeploymentPostprocessing = 0;
		};
		42B6F3392B1E2FBE00C0CF2E /* Frameworks */ = {
			isa = PBXFrameworksBuildPhase;
			buildActionMask = 2147483647;
			files = (
			);
			runOnlyForDeploymentPostprocessing = 0;
		};
		42B6F3432B1E2FBE00C0CF2E /* Frameworks */ = {
			isa = PBXFrameworksBuildPhase;
			buildActionMask = 2147483647;
			files = (
			);
			runOnlyForDeploymentPostprocessing = 0;
		};
/* End PBXFrameworksBuildPhase section */

/* Begin PBXGroup section */
		42B6F31A2B1E2FBC00C0CF2E = {
			isa = PBXGroup;
			children = (
				42B6F3252B1E2FBC00C0CF2E /* epicrockpaperscissorsHuseby */,
				42B6F33F2B1E2FBE00C0CF2E /* epicrockpaperscissorsHusebyTests */,
				42B6F3492B1E2FBE00C0CF2E /* epicrockpaperscissorsHusebyUITests */,
				42B6F3242B1E2FBC00C0CF2E /* Products */,
			);
			sourceTree = "<group>";
		};
		42B6F3242B1E2FBC00C0CF2E /* Products */ = {
			isa = PBXGroup;
			children = (
				42B6F3232B1E2FBC00C0CF2E /* epicrockpaperscissorsHuseby.app */,
				42B6F33C2B1E2FBE00C0CF2E /* epicrockpaperscissorsHusebyTests.xctest */,
				42B6F3462B1E2FBE00C0CF2E /* epicrockpaperscissorsHusebyUITests.xctest */,
			);
			name = Products;
			sourceTree = "<group>";
		};
		42B6F3252B1E2FBC00C0CF2E /* epicrockpaperscissorsHuseby */ = {
			isa = PBXGroup;
			children = (
				42B6F3262B1E2FBC00C0CF2E /* AppDelegate.swift */,
				42B6F3282B1E2FBC00C0CF2E /* SceneDelegate.swift */,
				42B6F32A2B1E2FBC00C0CF2E /* ViewController.swift */,
				42B6F32C2B1E2FBC00C0CF2E /* Main.storyboard */,
				42B6F3322B1E2FBD00C0CF2E /* Assets.xcassets */,
				42B6F3342B1E2FBD00C0CF2E /* LaunchScreen.storyboard */,
				42B6F3372B1E2FBD00C0CF2E /* Info.plist */,
				42B6F32F2B1E2FBC00C0CF2E /* epicrockpaperscissorsHuseby.xcdatamodeld */,
			);
			path = epicrockpaperscissorsHuseby;
			sourceTree = "<group>";
		};
		42B6F33F2B1E2FBE00C0CF2E /* epicrockpaperscissorsHusebyTests */ = {
			isa = PBXGroup;
			children = (
				42B6F3402B1E2FBE00C0CF2E /* epicrockpaperscissorsHusebyTests.swift */,
			);
			path = epicrockpaperscissorsHusebyTests;
			sourceTree = "<group>";
		};
		42B6F3492B1E2FBE00C0CF2E /* epicrockpaperscissorsHusebyUITests */ = {
			isa = PBXGroup;
			children = (
				42B6F34A2B1E2FBE00C0CF2E /* epicrockpaperscissorsHusebyUITests.swift */,
				42B6F34C2B1E2FBE00C0CF2E /* epicrockpaperscissorsHusebyUITestsLaunchTests.swift */,
			);
			path = epicrockpaperscissorsHusebyUITests;
			sourceTree = "<group>";
		};
/* End PBXGroup section */

/* Begin PBXNativeTarget section */
		42B6F3222B1E2FBC00C0CF2E /* epicrockpaperscissorsHuseby */ = {
			isa = PBXNativeTarget;
			buildConfigurationList = 42B6F3502B1E2FBE00C0CF2E /* Build configuration list for PBXNativeTarget "epicrockpaperscissorsHuseby" */;
			buildPhases = (
				42B6F31F2B1E2FBC00C0CF2E /* Sources */,
				42B6F3202B1E2FBC00C0CF2E /* Frameworks */,
				42B6F3212B1E2FBC00C0CF2E /* Resources */,
			);
			buildRules = (
			);
			dependencies = (
			);
			name = epicrockpaperscissorsHuseby;
			productName = epicrockpaperscissorsHuseby;
			productReference = 42B6F3232B1E2FBC00C0CF2E /* epicrockpaperscissorsHuseby.app */;
			productType = "com.apple.product-type.application";
		};
		42B6F33B2B1E2FBE00C0CF2E /* epicrockpaperscissorsHusebyTests */ = {
			isa = PBXNativeTarget;
			buildConfigurationList = 42B6F3532B1E2FBE00C0CF2E /* Build configuration list for PBXNativeTarget "epicrockpaperscissorsHusebyTests" */;
			buildPhases = (
				42B6F3382B1E2FBE00C0CF2E /* Sources */,
				42B6F3392B1E2FBE00C0CF2E /* Frameworks */,
				42B6F33A2B1E2FBE00C0CF2E /* Resources */,
			);
			buildRules = (
			);
			dependencies = (
				42B6F33E2B1E2FBE00C0CF2E /* PBXTargetDependency */,
			);
			name = epicrockpaperscissorsHusebyTests;
			productName = epicrockpaperscissorsHusebyTests;
			productReference = 42B6F33C2B1E2FBE00C0CF2E /* epicrockpaperscissorsHusebyTests.xctest */;
			productType = "com.apple.product-type.bundle.unit-test";
		};
		42B6F3452B1E2FBE00C0CF2E /* epicrockpaperscissorsHusebyUITests */ = {
			isa = PBXNativeTarget;
			buildConfigurationList = 42B6F3562B1E2FBE00C0CF2E /* Build configuration list for PBXNativeTarget "epicrockpaperscissorsHusebyUITests" */;
			buildPhases = (
				42B6F3422B1E2FBE00C0CF2E /* Sources */,
				42B6F3432B1E2FBE00C0CF2E /* Frameworks */,
				42B6F3442B1E2FBE00C0CF2E /* Resources */,
			);
			buildRules = (
			);
			dependencies = (
				42B6F3482B1E2FBE00C0CF2E /* PBXTargetDependency */,
			);
			name = epicrockpaperscissorsHusebyUITests;
			productName = epicrockpaperscissorsHusebyUITests;
			productReference = 42B6F3462B1E2FBE00C0CF2E /* epicrockpaperscissorsHusebyUITests.xctest */;
			productType = "com.apple.product-type.bundle.ui-testing";
		};
/* End PBXNativeTarget section */

/* Begin PBXProject section */
		42B6F31B2B1E2FBC00C0CF2E /* Project object */ = {
			isa = PBXProject;
			attributes = {
				BuildIndependentTargetsInParallel = 1;
				LastSwiftUpdateCheck = 1430;
				LastUpgradeCheck = 1430;
				TargetAttributes = {
					42B6F3222B1E2FBC00C0CF2E = {
						CreatedOnToolsVersion = 14.3.1;
					};
					42B6F33B2B1E2FBE00C0CF2E = {
						CreatedOnToolsVersion = 14.3.1;
						TestTargetID = 42B6F3222B1E2FBC00C0CF2E;
					};
					42B6F3452B1E2FBE00C0CF2E = {
						CreatedOnToolsVersion = 14.3.1;
						TestTargetID = 42B6F3222B1E2FBC00C0CF2E;
					};
				};
			};
			buildConfigurationList = 42B6F31E2B1E2FBC00C0CF2E /* Build configuration list for PBXProject "epicrockpaperscissorsHuseby" */;
			compatibilityVersion = "Xcode 14.0";
			developmentRegion = en;
			hasScannedForEncodings = 0;
			knownRegions = (
				en,
				Base,
			);
			mainGroup = 42B6F31A2B1E2FBC00C0CF2E;
			productRefGroup = 42B6F3242B1E2FBC00C0CF2E /* Products */;
			projectDirPath = "";
			projectRoot = "";
			targets = (
				42B6F3222B1E2FBC00C0CF2E /* epicrockpaperscissorsHuseby */,
				42B6F33B2B1E2FBE00C0CF2E /* epicrockpaperscissorsHusebyTests */,
				42B6F3452B1E2FBE00C0CF2E /* epicrockpaperscissorsHusebyUITests */,
			);
		};
/* End PBXProject section */

/* Begin PBXResourcesBuildPhase section */
		42B6F3212B1E2FBC00C0CF2E /* Resources */ = {
			isa = PBXResourcesBuildPhase;
			buildActionMask = 2147483647;
			files = (
				42B6F3362B1E2FBD00C0CF2E /* LaunchScreen.storyboard in Resources */,
				42B6F3332B1E2FBD00C0CF2E /* Assets.xcassets in Resources */,
				42B6F32E2B1E2FBC00C0CF2E /* Main.storyboard in Resources */,
			);
			runOnlyForDeploymentPostprocessing = 0;
		};
		42B6F33A2B1E2FBE00C0CF2E /* Resources */ = {
			isa = PBXResourcesBuildPhase;
			buildActionMask = 2147483647;
			files = (
			);
			runOnlyForDeploymentPostprocessing = 0;
		};
		42B6F3442B1E2FBE00C0CF2E /* Resources */ = {
			isa = PBXResourcesBuildPhase;
			buildActionMask = 2147483647;
			files = (
			);
			runOnlyForDeploymentPostprocessing = 0;
		};
/* End PBXResourcesBuildPhase section */

/* Begin PBXSourcesBuildPhase section */
		42B6F31F2B1E2FBC00C0CF2E /* Sources */ = {
			isa = PBXSourcesBuildPhase;
			buildActionMask = 2147483647;
			files = (
				42B6F32B2B1E2FBC00C0CF2E /* ViewController.swift in Sources */,
				42B6F3312B1E2FBC00C0CF2E /* epicrockpaperscissorsHuseby.xcdatamodeld in Sources */,
				42B6F3272B1E2FBC00C0CF2E /* AppDelegate.swift in Sources */,
				42B6F3292B1E2FBC00C0CF2E /* SceneDelegate.swift in Sources */,
			);
			runOnlyForDeploymentPostprocessing = 0;
		};
		42B6F3382B1E2FBE00C0CF2E /* Sources */ = {
			isa = PBXSourcesBuildPhase;
			buildActionMask = 2147483647;
			files = (
				42B6F3412B1E2FBE00C0CF2E /* epicrockpaperscissorsHusebyTests.swift in Sources */,
			);
			runOnlyForDeploymentPostprocessing = 0;
		};
		42B6F3422B1E2FBE00C0CF2E /* Sources */ = {
			isa = PBXSourcesBuildPhase;
			buildActionMask = 2147483647;
			files = (
				42B6F34D2B1E2FBE00C0CF2E /* epicrockpaperscissorsHusebyUITestsLaunchTests.swift in Sources */,
				42B6F34B2B1E2FBE00C0CF2E /* epicrockpaperscissorsHusebyUITests.swift in Sources */,
			);
			runOnlyForDeploymentPostprocessing = 0;
		};
/* End PBXSourcesBuildPhase section */

/* Begin PBXTargetDependency section */
		42B6F33E2B1E2FBE00C0CF2E /* PBXTargetDependency */ = {
			isa = PBXTargetDependency;
			target = 42B6F3222B1E2FBC00C0CF2E /* epicrockpaperscissorsHuseby */;
			targetProxy = 42B6F33D2B1E2FBE00C0CF2E /* PBXContainerItemProxy */;
		};
		42B6F3482B1E2FBE00C0CF2E /* PBXTargetDependency */ = {
			isa = PBXTargetDependency;
			target = 42B6F3222B1E2FBC00C0CF2E /* epicrockpaperscissorsHuseby */;
			targetProxy = 42B6F3472B1E2FBE00C0CF2E /* PBXContainerItemProxy */;
		};
/* End PBXTargetDependency section */

/* Begin PBXVariantGroup section */
		42B6F32C2B1E2FBC00C0CF2E /* Main.storyboard */ = {
			isa = PBXVariantGroup;
			children = (
				42B6F32D2B1E2FBC00C0CF2E /* Base */,
			);
			name = Main.storyboard;
			sourceTree = "<group>";
		};
		42B6F3342B1E2FBD00C0CF2E /* LaunchScreen.storyboard */ = {
			isa = PBXVariantGroup;
			children = (
				42B6F3352B1E2FBD00C0CF2E /* Base */,
			);
			name = LaunchScreen.storyboard;
			sourceTree = "<group>";
		};
/* End PBXVariantGroup section */

/* Begin XCBuildConfiguration section */
		42B6F34E2B1E2FBE00C0CF2E /* Debug */ = {
			isa = XCBuildConfiguration;
			buildSettings = {
				ALWAYS_SEARCH_USER_PATHS = NO;
				CLANG_ANALYZER_NONNULL = YES;
				CLANG_ANALYZER_NUMBER_OBJECT_CONVERSION = YES_AGGRESSIVE;
				CLANG_CXX_LANGUAGE_STANDARD = "gnu++20";
				CLANG_ENABLE_MODULES = YES;
				CLANG_ENABLE_OBJC_ARC = YES;
				CLANG_ENABLE_OBJC_WEAK = YES;
				CLANG_WARN_BLOCK_CAPTURE_AUTORELEASING = YES;
				CLANG_WARN_BOOL_CONVERSION = YES;
				CLANG_WARN_COMMA = YES;
				CLANG_WARN_CONSTANT_CONVERSION = YES;
				CLANG_WARN_DEPRECATED_OBJC_IMPLEMENTATIONS = YES;
				CLANG_WARN_DIRECT_OBJC_ISA_USAGE = YES_ERROR;
				CLANG_WARN_DOCUMENTATION_COMMENTS = YES;
				CLANG_WARN_EMPTY_BODY = YES;
				CLANG_WARN_ENUM_CONVERSION = YES;
				CLANG_WARN_INFINITE_RECURSION = YES;
				CLANG_WARN_INT_CONVERSION = YES;
				CLANG_WARN_NON_LITERAL_NULL_CONVERSION = YES;
				CLANG_WARN_OBJC_IMPLICIT_RETAIN_SELF = YES;
				CLANG_WARN_OBJC_LITERAL_CONVERSION = YES;
				CLANG_WARN_OBJC_ROOT_CLASS = YES_ERROR;
				CLANG_WARN_QUOTED_INCLUDE_IN_FRAMEWORK_HEADER = YES;
				CLANG_WARN_RANGE_LOOP_ANALYSIS = YES;
				CLANG_WARN_STRICT_PROTOTYPES = YES;
				CLANG_WARN_SUSPICIOUS_MOVE = YES;
				CLANG_WARN_UNGUARDED_AVAILABILITY = YES_AGGRESSIVE;
				CLANG_WARN_UNREACHABLE_CODE = YES;
				CLANG_WARN__DUPLICATE_METHOD_MATCH = YES;
				COPY_PHASE_STRIP = NO;
				DEBUG_INFORMATION_FORMAT = dwarf;
				ENABLE_STRICT_OBJC_MSGSEND = YES;
				ENABLE_TESTABILITY = YES;
				GCC_C_LANGUAGE_STANDARD = gnu11;
				GCC_DYNAMIC_NO_PIC = NO;
				GCC_NO_COMMON_BLOCKS = YES;
				GCC_OPTIMIZATION_LEVEL = 0;
				GCC_PREPROCESSOR_DEFINITIONS = (
					"DEBUG=1",
					"$(inherited)",
				);
				GCC_WARN_64_TO_32_BIT_CONVERSION = YES;
				GCC_WARN_ABOUT_RETURN_TYPE = YES_ERROR;
				GCC_WARN_UNDECLARED_SELECTOR = YES;
				GCC_WARN_UNINITIALIZED_AUTOS = YES_AGGRESSIVE;
				GCC_WARN_UNUSED_FUNCTION = YES;
				GCC_WARN_UNUSED_VARIABLE = YES;
				IPHONEOS_DEPLOYMENT_TARGET = 16.4;
				MTL_ENABLE_DEBUG_INFO = INCLUDE_SOURCE;
				MTL_FAST_MATH = YES;
				ONLY_ACTIVE_ARCH = YES;
				SDKROOT = iphoneos;
				SWIFT_ACTIVE_COMPILATION_CONDITIONS = DEBUG;
				SWIFT_OPTIMIZATION_LEVEL = "-Onone";
			};
			name = Debug;
		};
		42B6F34F2B1E2FBE00C0CF2E /* Release */ = {
			isa = XCBuildConfiguration;
			buildSettings = {
				ALWAYS_SEARCH_USER_PATHS = NO;
				CLANG_ANALYZER_NONNULL = YES;
				CLANG_ANALYZER_NUMBER_OBJECT_CONVERSION = YES_AGGRESSIVE;
				CLANG_CXX_LANGUAGE_STANDARD = "gnu++20";
				CLANG_ENABLE_MODULES = YES;
				CLANG_ENABLE_OBJC_ARC = YES;
				CLANG_ENABLE_OBJC_WEAK = YES;
				CLANG_WARN_BLOCK_CAPTURE_AUTORELEASING = YES;
				CLANG_WARN_BOOL_CONVERSION = YES;
				CLANG_WARN_COMMA = YES;
				CLANG_WARN_CONSTANT_CONVERSION = YES;
				CLANG_WARN_DEPRECATED_OBJC_IMPLEMENTATIONS = YES;
				CLANG_WARN_DIRECT_OBJC_ISA_USAGE = YES_ERROR;
				CLANG_WARN_DOCUMENTATION_COMMENTS = YES;
				CLANG_WARN_EMPTY_BODY = YES;
				CLANG_WARN_ENUM_CONVERSION = YES;
				CLANG_WARN_INFINITE_RECURSION = YES;
				CLANG_WARN_INT_CONVERSION = YES;
				CLANG_WARN_NON_LITERAL_NULL_CONVERSION = YES;
				CLANG_WARN_OBJC_IMPLICIT_RETAIN_SELF = YES;
				CLANG_WARN_OBJC_LITERAL_CONVERSION = YES;
				CLANG_WARN_OBJC_ROOT_CLASS = YES_ERROR;
				CLANG_WARN_QUOTED_INCLUDE_IN_FRAMEWORK_HEADER = YES;
				CLANG_WARN_RANGE_LOOP_ANALYSIS = YES;
				CLANG_WARN_STRICT_PROTOTYPES = YES;
				CLANG_WARN_SUSPICIOUS_MOVE = YES;
				CLANG_WARN_UNGUARDED_AVAILABILITY = YES_AGGRESSIVE;
				CLANG_WARN_UNREACHABLE_CODE = YES;
				CLANG_WARN__DUPLICATE_METHOD_MATCH = YES;
				COPY_PHASE_STRIP = NO;
				DEBUG_INFORMATION_FORMAT = "dwarf-with-dsym";
				ENABLE_NS_ASSERTIONS = NO;
				ENABLE_STRICT_OBJC_MSGSEND = YES;
				GCC_C_LANGUAGE_STANDARD = gnu11;
				GCC_NO_COMMON_BLOCKS = YES;
				GCC_WARN_64_TO_32_BIT_CONVERSION = YES;
				GCC_WARN_ABOUT_RETURN_TYPE = YES_ERROR;
				GCC_WARN_UNDECLARED_SELECTOR = YES;
				GCC_WARN_UNINITIALIZED_AUTOS = YES_AGGRESSIVE;
				GCC_WARN_UNUSED_FUNCTION = YES;
				GCC_WARN_UNUSED_VARIABLE = YES;
				IPHONEOS_DEPLOYMENT_TARGET = 16.4;
				MTL_ENABLE_DEBUG_INFO = NO;
				MTL_FAST_MATH = YES;
				SDKROOT = iphoneos;
				SWIFT_COMPILATION_MODE = wholemodule;
				SWIFT_OPTIMIZATION_LEVEL = "-O";
				VALIDATE_PRODUCT = YES;
			};
			name = Release;
		};
		42B6F3512B1E2FBE00C0CF2E /* Debug */ = {
			isa = XCBuildConfiguration;
			buildSettings = {
				ASSETCATALOG_COMPILER_APPICON_NAME = AppIcon;
				ASSETCATALOG_COMPILER_GLOBAL_ACCENT_COLOR_NAME = AccentColor;
				CODE_SIGN_STYLE = Automatic;
				CURRENT_PROJECT_VERSION = 1;
				DEVELOPMENT_TEAM = G622X5326J;
				GENERATE_INFOPLIST_FILE = YES;
				INFOPLIST_FILE = epicrockpaperscissorsHuseby/Info.plist;
				INFOPLIST_KEY_UIApplicationSupportsIndirectInputEvents = YES;
				INFOPLIST_KEY_UILaunchStoryboardName = LaunchScreen;
				INFOPLIST_KEY_UIMainStoryboardFile = Main;
				INFOPLIST_KEY_UISupportedInterfaceOrientations_iPad = "UIInterfaceOrientationPortrait UIInterfaceOrientationPortraitUpsideDown UIInterfaceOrientationLandscapeLeft UIInterfaceOrientationLandscapeRight";
				INFOPLIST_KEY_UISupportedInterfaceOrientations_iPhone = "UIInterfaceOrientationPortrait UIInterfaceOrientationLandscapeLeft UIInterfaceOrientationLandscapeRight";
				LD_RUNPATH_SEARCH_PATHS = (
					"$(inherited)",
					"@executable_path/Frameworks",
				);
				MARKETING_VERSION = 1.0;
				PRODUCT_BUNDLE_IDENTIFIER = clc.epicrockpaperscissorsHuseby;
				PRODUCT_NAME = "$(TARGET_NAME)";
				SWIFT_EMIT_LOC_STRINGS = YES;
				SWIFT_VERSION = 5.0;
				TARGETED_DEVICE_FAMILY = "1,2";
			};
			name = Debug;
		};
		42B6F3522B1E2FBE00C0CF2E /* Release */ = {
			isa = XCBuildConfiguration;
			buildSettings = {
				ASSETCATALOG_COMPILER_APPICON_NAME = AppIcon;
				ASSETCATALOG_COMPILER_GLOBAL_ACCENT_COLOR_NAME = AccentColor;
				CODE_SIGN_STYLE = Automatic;
				CURRENT_PROJECT_VERSION = 1;
				DEVELOPMENT_TEAM = G622X5326J;
				GENERATE_INFOPLIST_FILE = YES;
				INFOPLIST_FILE = epicrockpaperscissorsHuseby/Info.plist;
				INFOPLIST_KEY_UIApplicationSupportsIndirectInputEvents = YES;
				INFOPLIST_KEY_UILaunchStoryboardName = LaunchScreen;
				INFOPLIST_KEY_UIMainStoryboardFile = Main;
				INFOPLIST_KEY_UISupportedInterfaceOrientations_iPad = "UIInterfaceOrientationPortrait UIInterfaceOrientationPortraitUpsideDown UIInterfaceOrientationLandscapeLeft UIInterfaceOrientationLandscapeRight";
				INFOPLIST_KEY_UISupportedInterfaceOrientations_iPhone = "UIInterfaceOrientationPortrait UIInterfaceOrientationLandscapeLeft UIInterfaceOrientationLandscapeRight";
				LD_RUNPATH_SEARCH_PATHS = (
					"$(inherited)",
					"@executable_path/Frameworks",
				);
				MARKETING_VERSION = 1.0;
				PRODUCT_BUNDLE_IDENTIFIER = clc.epicrockpaperscissorsHuseby;
				PRODUCT_NAME = "$(TARGET_NAME)";
				SWIFT_EMIT_LOC_STRINGS = YES;
				SWIFT_VERSION = 5.0;
				TARGETED_DEVICE_FAMILY = "1,2";
			};
			name = Release;
		};
		42B6F3542B1E2FBE00C0CF2E /* Debug */ = {
			isa = XCBuildConfiguration;
			buildSettings = {
				ALWAYS_EMBED_SWIFT_STANDARD_LIBRARIES = YES;
				BUNDLE_LOADER = "$(TEST_HOST)";
				CODE_SIGN_STYLE = Automatic;
				CURRENT_PROJECT_VERSION = 1;
				DEVELOPMENT_TEAM = G622X5326J;
				GENERATE_INFOPLIST_FILE = YES;
				IPHONEOS_DEPLOYMENT_TARGET = 16.4;
				MARKETING_VERSION = 1.0;
				PRODUCT_BUNDLE_IDENTIFIER = clc.epicrockpaperscissorsHusebyTests;
				PRODUCT_NAME = "$(TARGET_NAME)";
				SWIFT_EMIT_LOC_STRINGS = NO;
				SWIFT_VERSION = 5.0;
				TARGETED_DEVICE_FAMILY = "1,2";
				TEST_HOST = "$(BUILT_PRODUCTS_DIR)/epicrockpaperscissorsHuseby.app/$(BUNDLE_EXECUTABLE_FOLDER_PATH)/epicrockpaperscissorsHuseby";
			};
			name = Debug;
		};
		42B6F3552B1E2FBE00C0CF2E /* Release */ = {
			isa = XCBuildConfiguration;
			buildSettings = {
				ALWAYS_EMBED_SWIFT_STANDARD_LIBRARIES = YES;
				BUNDLE_LOADER = "$(TEST_HOST)";
				CODE_SIGN_STYLE = Automatic;
				CURRENT_PROJECT_VERSION = 1;
				DEVELOPMENT_TEAM = G622X5326J;
				GENERATE_INFOPLIST_FILE = YES;
				IPHONEOS_DEPLOYMENT_TARGET = 16.4;
				MARKETING_VERSION = 1.0;
				PRODUCT_BUNDLE_IDENTIFIER = clc.epicrockpaperscissorsHusebyTests;
				PRODUCT_NAME = "$(TARGET_NAME)";
				SWIFT_EMIT_LOC_STRINGS = NO;
				SWIFT_VERSION = 5.0;
				TARGETED_DEVICE_FAMILY = "1,2";
				TEST_HOST = "$(BUILT_PRODUCTS_DIR)/epicrockpaperscissorsHuseby.app/$(BUNDLE_EXECUTABLE_FOLDER_PATH)/epicrockpaperscissorsHuseby";
			};
			name = Release;
		};
		42B6F3572B1E2FBE00C0CF2E /* Debug */ = {
			isa = XCBuildConfiguration;
			buildSettings = {
				ALWAYS_EMBED_SWIFT_STANDARD_LIBRARIES = YES;
				CODE_SIGN_STYLE = Automatic;
				CURRENT_PROJECT_VERSION = 1;
				DEVELOPMENT_TEAM = G622X5326J;
				GENERATE_INFOPLIST_FILE = YES;
				MARKETING_VERSION = 1.0;
				PRODUCT_BUNDLE_IDENTIFIER = clc.epicrockpaperscissorsHusebyUITests;
				PRODUCT_NAME = "$(TARGET_NAME)";
				SWIFT_EMIT_LOC_STRINGS = NO;
				SWIFT_VERSION = 5.0;
				TARGETED_DEVICE_FAMILY = "1,2";
				TEST_TARGET_NAME = epicrockpaperscissorsHuseby;
			};
			name = Debug;
		};
		42B6F3582B1E2FBE00C0CF2E /* Release */ = {
			isa = XCBuildConfiguration;
			buildSettings = {
				ALWAYS_EMBED_SWIFT_STANDARD_LIBRARIES = YES;
				CODE_SIGN_STYLE = Automatic;
				CURRENT_PROJECT_VERSION = 1;
				DEVELOPMENT_TEAM = G622X5326J;
				GENERATE_INFOPLIST_FILE = YES;
				MARKETING_VERSION = 1.0;
				PRODUCT_BUNDLE_IDENTIFIER = clc.epicrockpaperscissorsHusebyUITests;
				PRODUCT_NAME = "$(TARGET_NAME)";
				SWIFT_EMIT_LOC_STRINGS = NO;
				SWIFT_VERSION = 5.0;
				TARGETED_DEVICE_FAMILY = "1,2";
				TEST_TARGET_NAME = epicrockpaperscissorsHuseby;
			};
			name = Release;
		};
/* End XCBuildConfiguration section */

/* Begin XCConfigurationList section */
		42B6F31E2B1E2FBC00C0CF2E /* Build configuration list for PBXProject "epicrockpaperscissorsHuseby" */ = {
			isa = XCConfigurationList;
			buildConfigurations = (
				42B6F34E2B1E2FBE00C0CF2E /* Debug */,
				42B6F34F2B1E2FBE00C0CF2E /* Release */,
			);
			defaultConfigurationIsVisible = 0;
			defaultConfigurationName = Release;
		};
		42B6F3502B1E2FBE00C0CF2E /* Build configuration list for PBXNativeTarget "epicrockpaperscissorsHuseby" */ = {
			isa = XCConfigurationList;
			buildConfigurations = (
				42B6F3512B1E2FBE00C0CF2E /* Debug */,
				42B6F3522B1E2FBE00C0CF2E /* Release */,
			);
			defaultConfigurationIsVisible = 0;
			defaultConfigurationName = Release;
		};
		42B6F3532B1E2FBE00C0CF2E /* Build configuration list for PBXNativeTarget "epicrockpaperscissorsHusebyTests" */ = {
			isa = XCConfigurationList;
			buildConfigurations = (
				42B6F3542B1E2FBE00C0CF2E /* Debug */,
				42B6F3552B1E2FBE00C0CF2E /* Release */,
			);
			defaultConfigurationIsVisible = 0;
			defaultConfigurationName = Release;
		};
		42B6F3562B1E2FBE00C0CF2E /* Build configuration list for PBXNativeTarget "epicrockpaperscissorsHusebyUITests" */ = {
			isa = XCConfigurationList;
			buildConfigurations = (
				42B6F3572B1E2FBE00C0CF2E /* Debug */,
				42B6F3582B1E2FBE00C0CF2E /* Release */,
			);
			defaultConfigurationIsVisible = 0;
			defaultConfigurationName = Release;
		};
/* End XCConfigurationList section */

/* Begin XCVersionGroup section */
		42B6F32F2B1E2FBC00C0CF2E /* epicrockpaperscissorsHuseby.xcdatamodeld */ = {
			isa = XCVersionGroup;
			children = (
				42B6F3302B1E2FBC00C0CF2E /* epicrockpaperscissorsHuseby.xcdatamodel */,
			);
			currentVersion = 42B6F3302B1E2FBC00C0CF2E /* epicrockpaperscissorsHuseby.xcdatamodel */;
			path = epicrockpaperscissorsHuseby.xcdatamodeld;
			sourceTree = "<group>";
			versionGroupType = wrapper.xcdatamodel;
		};
/* End XCVersionGroup section */
	};
	rootObject = 42B6F31B2B1E2FBC00C0CF2E /* Project object */;
}
